{
  "name": "swarm-headless-app",
  "version": "0.0.0",
  "lockfileVersion": 3,
  "requires": true,
  "packages": {
    "": { "name": "swarm-headless-app", "version": "0.0.0", "dependencies": { "@swarm/sdk": "file:../../packages/sdk" }, "engines": { "node": ">=22" } },
    "../../packages/sdk": { "name": "@swarm/sdk", "version": "0.1.0-headless.1", "dependencies": { "ws": "8.18.3" }, "engines": { "node": ">=22" } },
    "node_modules/@swarm/sdk": { "resolved": "../../packages/sdk", "link": true }
  }
}
