{
  "name": "swarm-headless-app",
  "version": "0.0.0",
  "lockfileVersion": 3,
  "requires": true,
  "packages": {
    "": {
      "name": "swarm-headless-app",
      "version": "0.0.0",
      "dependencies": {
        "@swarm-agent/sdk": "file:../../packages/sdk"
      },
      "engines": {
        "node": ">=22"
      }
    },
    "../../packages/sdk": {
      "name": "@swarm-agent/sdk",
      "version": "0.1.0-headless.1",
      "license": "Apache-2.0",
      "dependencies": {
        "ws": "8.18.3"
      },
      "devDependencies": {
        "@types/node": "22.19.15",
        "tsx": "4.21.0",
        "typescript": "5.9.3"
      },
      "engines": {
        "node": ">=22"
      }
    },
    "node_modules/@swarm-agent/sdk": {
      "resolved": "../../packages/sdk",
      "link": true
    }
  }
}
