{
  "name": "@swarm-agent/cli",
  "version": "0.1.0-headless.1",
  "lockfileVersion": 3,
  "requires": true,
  "packages": {
    "": {
      "name": "@swarm-agent/cli",
      "version": "0.1.0-headless.1",
      "license": "Apache-2.0",
      "os": [
        "linux"
      ],
      "bin": {
        "swarm-headless": "bin/swarm-headless.js"
      },
      "engines": {
        "node": ">=22"
      }
    }
  }
}
